
Microsoft Visual Studio Solution File, Format Version 12.00
# Visual Studio 14
VisualStudioVersion = 14.0.25420.1
MinimumVisualStudioVersion = 10.0.40219.1
Project("{FAE04EC0-301F-11D3-BF4B-00C04F79EFBC}") = "pseudocodePractice", "pseudocodePractice\pseudocodePractice.csproj", "{96184807-F452-4E43-9C9D-37B23A863F71}"
EndProject
Global
	GlobalSection(SolutionConfigurationPlatforms) = preSolution
		Debug|Any CPU = Debug|Any CPU
		Release|Any CPU = Release|Any CPU
	EndGlobalSection
	GlobalSection(ProjectConfigurationPlatforms) = postSolution
		{96184807-F452-4E43-9C9D-37B23A863F71}.Debug|Any CPU.ActiveCfg = Debug|Any CPU
		{96184807-F452-4E43-9C9D-37B23A863F71}.Debug|Any CPU.Build.0 = Debug|Any CPU
		{96184807-F452-4E43-9C9D-37B23A863F71}.Release|Any CPU.ActiveCfg = Release|Any CPU
		{96184807-F452-4E43-9C9D-37B23A863F71}.Release|Any CPU.Build.0 = Release|Any CPU
	EndGlobalSection
	GlobalSection(SolutionProperties) = preSolution
		HideSolutionNode = FALSE
	EndGlobalSection
EndGlobal
